
Microsoft Visual Studio Solution File, Format Version 12.00
# Visual Studio 15
VisualStudioVersion = 15.0.28010.2050
MinimumVisualStudioVersion = 10.0.40219.1
Project("{8BC9CEB8-8B4A-11D0-8D11-00A0C91BC942}") = "class92_1027", "class92_1027\class92_1027.vcxproj", "{3F7F8683-0139-4F16-A83D-16C38087EE65}"
EndProject
Global
	GlobalSection(SolutionConfigurationPlatforms) = preSolution
		Debug|x64 = Debug|x64
		Debug|x86 = Debug|x86
		Release|x64 = Release|x64
		Release|x86 = Release|x86
	EndGlobalSection
	GlobalSection(ProjectConfigurationPlatforms) = postSolution
		{3F7F8683-0139-4F16-A83D-16C38087EE65}.Debug|x64.ActiveCfg = Debug|x64
		{3F7F8683-0139-4F16-A83D-16C38087EE65}.Debug|x64.Build.0 = Debug|x64
		{3F7F8683-0139-4F16-A83D-16C38087EE65}.Debug|x86.ActiveCfg = Debug|Win32
		{3F7F8683-0139-4F16-A83D-16C38087EE65}.Debug|x86.Build.0 = Debug|Win32
		{3F7F8683-0139-4F16-A83D-16C38087EE65}.Release|x64.ActiveCfg = Release|x64
		{3F7F8683-0139-4F16-A83D-16C38087EE65}.Release|x64.Build.0 = Release|x64
		{3F7F8683-0139-4F16-A83D-16C38087EE65}.Release|x86.ActiveCfg = Release|Win32
		{3F7F8683-0139-4F16-A83D-16C38087EE65}.Release|x86.Build.0 = Release|Win32
	EndGlobalSection
	GlobalSection(SolutionProperties) = preSolution
		HideSolutionNode = FALSE
	EndGlobalSection
	GlobalSection(ExtensibilityGlobals) = postSolution
		SolutionGuid = {F50F98A0-78B8-4BF7-A44E-C22AB5C36752}
	EndGlobalSection
EndGlobal
