
Microsoft Visual Studio Solution File, Format Version 12.00
# Visual Studio 15
VisualStudioVersion = 15.0.28010.2050
MinimumVisualStudioVersion = 10.0.40219.1
Project("{8BC9CEB8-8B4A-11D0-8D11-00A0C91BC942}") = "class92_1024(2)", "class92_1024(2)\class92_1024(2).vcxproj", "{AFBC73C3-F3C1-4100-9D6A-8420CB752779}"
EndProject
Global
	GlobalSection(SolutionConfigurationPlatforms) = preSolution
		Debug|x64 = Debug|x64
		Debug|x86 = Debug|x86
		Release|x64 = Release|x64
		Release|x86 = Release|x86
	EndGlobalSection
	GlobalSection(ProjectConfigurationPlatforms) = postSolution
		{AFBC73C3-F3C1-4100-9D6A-8420CB752779}.Debug|x64.ActiveCfg = Debug|x64
		{AFBC73C3-F3C1-4100-9D6A-8420CB752779}.Debug|x64.Build.0 = Debug|x64
		{AFBC73C3-F3C1-4100-9D6A-8420CB752779}.Debug|x86.ActiveCfg = Debug|Win32
		{AFBC73C3-F3C1-4100-9D6A-8420CB752779}.Debug|x86.Build.0 = Debug|Win32
		{AFBC73C3-F3C1-4100-9D6A-8420CB752779}.Release|x64.ActiveCfg = Release|x64
		{AFBC73C3-F3C1-4100-9D6A-8420CB752779}.Release|x64.Build.0 = Release|x64
		{AFBC73C3-F3C1-4100-9D6A-8420CB752779}.Release|x86.ActiveCfg = Release|Win32
		{AFBC73C3-F3C1-4100-9D6A-8420CB752779}.Release|x86.Build.0 = Release|Win32
	EndGlobalSection
	GlobalSection(SolutionProperties) = preSolution
		HideSolutionNode = FALSE
	EndGlobalSection
	GlobalSection(ExtensibilityGlobals) = postSolution
		SolutionGuid = {08A77377-C4CC-4A0B-A388-A91BFB41DD9C}
	EndGlobalSection
EndGlobal
